
Microsoft Visual Studio Solution File, Format Version 12.00
# Visual Studio Version 16
VisualStudioVersion = 16.0.30204.135
MinimumVisualStudioVersion = 10.0.40219.1
Project("{9A19103F-16F7-4668-BE54-9A1E7A4F7556}") = "FastLayout", "FastLayout\FastLayout.csproj", "{88A31EA0-49F2-4859-B4A0-A363C674213C}"
EndProject
Project("{F2A71F9B-5D33-465A-A702-920D77279786}") = "FastLayoutFunctional", "FastLayoutFunctional\FastLayoutFunctional.fsproj", "{D4148254-46E5-4533-811A-4B7A55B93DDA}"
EndProject
Global
	GlobalSection(SolutionConfigurationPlatforms) = preSolution
		Debug|Any CPU = Debug|Any CPU
		Release|Any CPU = Release|Any CPU
	EndGlobalSection
	GlobalSection(ProjectConfigurationPlatforms) = postSolution
		{88A31EA0-49F2-4859-B4A0-A363C674213C}.Debug|Any CPU.ActiveCfg = Debug|Any CPU
		{88A31EA0-49F2-4859-B4A0-A363C674213C}.Debug|Any CPU.Build.0 = Debug|Any CPU
		{88A31EA0-49F2-4859-B4A0-A363C674213C}.Release|Any CPU.ActiveCfg = Release|Any CPU
		{88A31EA0-49F2-4859-B4A0-A363C674213C}.Release|Any CPU.Build.0 = Release|Any CPU
		{D4148254-46E5-4533-811A-4B7A55B93DDA}.Debug|Any CPU.ActiveCfg = Debug|Any CPU
		{D4148254-46E5-4533-811A-4B7A55B93DDA}.Debug|Any CPU.Build.0 = Debug|Any CPU
		{D4148254-46E5-4533-811A-4B7A55B93DDA}.Release|Any CPU.ActiveCfg = Release|Any CPU
		{D4148254-46E5-4533-811A-4B7A55B93DDA}.Release|Any CPU.Build.0 = Release|Any CPU
	EndGlobalSection
	GlobalSection(SolutionProperties) = preSolution
		HideSolutionNode = FALSE
	EndGlobalSection
	GlobalSection(ExtensibilityGlobals) = postSolution
		SolutionGuid = {45D5CF55-FCB0-4F78-99C6-5E0CA1E7D1D2}
	EndGlobalSection
EndGlobal
